schema: '2.0'
stages:
  data_ingestion:
    cmd: python src/data_ingestion.py
    deps:
    - path: src/data_ingestion.py
      hash: md5
      md5: a34ffbc42071636ee37524a7cf8d6930
      size: 3810
    params:
      params.yaml:
        data_ingestion.test_size: 0.2
    outs:
    - path: data/raw
      hash: md5
      md5: 13da93822947c499e5f29952482189ee.dir
      size: 485022
      nfiles: 2
  preProcessing:
    cmd: python src/preProcessing.py
    deps:
    - path: data/raw
      hash: md5
      md5: 13da93822947c499e5f29952482189ee.dir
      size: 485022
      nfiles: 2
    - path: src/preProcessing.py
      hash: md5
      md5: e39d7bbcc5b4acd0cd3075ed9ffb1e19
      size: 4015
    outs:
    - path: data/interim
      hash: md5
      md5: 36454896fd0f0d287838bc5df48112a2.dir
      size: 218501
      nfiles: 2
  feature_engineering:
    cmd: python src/feature_engineering.py
    deps:
    - path: data/interim
      hash: md5
      md5: 36454896fd0f0d287838bc5df48112a2.dir
      size: 218501
      nfiles: 2
    - path: src/feature_engineering.py
      hash: md5
      md5: ef8d6160ade08a158e9663515d595ad4
      size: 3956
    params:
      params.yaml:
        feature_engineering.max_features: 45
    outs:
    - path: data/processed
      hash: md5
      md5: f275e800533c8da339744b0df0ad11e3.dir
      size: 961563
      nfiles: 2
  model:
    cmd: python src/model.py
    deps:
    - path: data/processed
      hash: md5
      md5: f275e800533c8da339744b0df0ad11e3.dir
      size: 961563
      nfiles: 2
    - path: src/model.py
      hash: md5
      md5: 63a323c4cdacf656087d200c392e01c1
      size: 4158
    params:
      params.yaml:
        model.n_estimators: 25
        model.random_state: 2
    outs:
    - path: models/model.pkl
      hash: md5
      md5: b63de74f9e82f2204c459987269d1407
      size: 167428
  model_evaluation:
    cmd: python src/model_evaluation.py
    deps:
    - path: models/model.pkl
      hash: md5
      md5: b63de74f9e82f2204c459987269d1407
      size: 167428
    - path: src/model_evaluation.py
      hash: md5
      md5: b4cdf46a17e4786442743551e220ee1d
      size: 3897
    outs:
    - path: data/reports/metrics.json
      hash: md5
      md5: ad00df9339b33c6c15ac45a5bae342ce
      size: 130
